<Solution>
  <Folder Name="/Core/">
    <Project Path="src/ELibrary.Application/ELibrary.Application.csproj" Type="Classic C#" />
    <Project Path="src/ELibrary.Domain/ELibrary.Domain.csproj" Type="Classic C#" />
  </Folder>
  <Folder Name="/Infrastructure/">
    <Project Path="src/ELibrary.Persistence/ELibrary.Persistence.csproj" Type="Classic C#" />
  </Folder>
  <Folder Name="/Presentation/" />
  <Folder Name="/Tests/" />
</Solution>